// !$*UTF8*$!
{
	archiveVersion = 1;
	classes = {
	};
	objectVersion = 46;
	objects = {

/* Begin PBXBuildFile section */
		03710DC42F13257531B1FADF /* Pods_FreshChatCarthageSDK.framework in Frameworks */ = {isa = PBXBuildFile; fileRef = 1A37764B7D6B81DBCF02A63D /* Pods_FreshChatCarthageSDK.framework */; };
		7F3341D31FB724BA0066C006 /* Freshchat.h in Headers */ = {isa = PBXBuildFile; fileRef = 7F3341D21FB724BA0066C006 /* Freshchat.h */; settings = {ATTRIBUTES = (Public, ); }; };
		7F805DD81FB71AC100BA3F76 /* FreshChatCarthageSDK.h in Headers */ = {isa = PBXBuildFile; fileRef = 7F805DD61FB71AC100BA3F76 /* FreshChatCarthageSDK.h */; settings = {ATTRIBUTES = (Public, ); }; };
		7FE705421FB71D29009292C9 /* UIKit.framework in Frameworks */ = {isa = PBXBuildFile; fileRef = 7FE705411FB71D29009292C9 /* UIKit.framework */; };
		7FE705461FB71D3F009292C9 /* CoreGraphics.framework in Frameworks */ = {isa = PBXBuildFile; fileRef = 7FE705451FB71D3F009292C9 /* CoreGraphics.framework */; };
/* End PBXBuildFile section */

/* Begin PBXFileReference section */
		1A37764B7D6B81DBCF02A63D /* Pods_FreshChatCarthageSDK.framework */ = {isa = PBXFileReference; explicitFileType = wrapper.framework; includeInIndex = 0; path = Pods_FreshChatCarthageSDK.framework; sourceTree = BUILT_PRODUCTS_DIR; };
		223408E9058E391E22B7C8C6 /* Pods-FreshChatCarthageSDK.debug.xcconfig */ = {isa = PBXFileReference; includeInIndex = 1; lastKnownFileType = text.xcconfig; name = "Pods-FreshChatCarthageSDK.debug.xcconfig"; path = "Pods/Target Support Files/Pods-FreshChatCarthageSDK/Pods-FreshChatCarthageSDK.debug.xcconfig"; sourceTree = "<group>"; };
		7F3341D21FB724BA0066C006 /* Freshchat.h */ = {isa = PBXFileReference; lastKnownFileType = sourcecode.c.h; name = Freshchat.h; path = Pods/FreshchatSDK/FreshchatSDK/Freshchat.h; sourceTree = "<group>"; };
		7F805DD31FB71AC100BA3F76 /* FreshChatCarthageSDK.framework */ = {isa = PBXFileReference; explicitFileType = wrapper.framework; includeInIndex = 0; path = FreshChatCarthageSDK.framework; sourceTree = BUILT_PRODUCTS_DIR; };
		7F805DD61FB71AC100BA3F76 /* FreshChatCarthageSDK.h */ = {isa = PBXFileReference; lastKnownFileType = sourcecode.c.h; path = FreshChatCarthageSDK.h; sourceTree = "<group>"; };
		7F805DD71FB71AC100BA3F76 /* Info.plist */ = {isa = PBXFileReference; lastKnownFileType = text.plist.xml; path = Info.plist; sourceTree = "<group>"; };
		7FE705411FB71D29009292C9 /* UIKit.framework */ = {isa = PBXFileReference; lastKnownFileType = wrapper.framework; name = UIKit.framework; path = System/Library/Frameworks/UIKit.framework; sourceTree = SDKROOT; };
		7FE705431FB71D33009292C9 /* Foundation.framework */ = {isa = PBXFileReference; lastKnownFileType = wrapper.framework; name = Foundation.framework; path = System/Library/Frameworks/Foundation.framework; sourceTree = SDKROOT; };
		7FE705451FB71D3F009292C9 /* CoreGraphics.framework */ = {isa = PBXFileReference; lastKnownFileType = wrapper.framework; name = CoreGraphics.framework; path = System/Library/Frameworks/CoreGraphics.framework; sourceTree = SDKROOT; };
		AF6A85A7906EFEF110924B44 /* Pods-FreshChatCarthageSDK.release.xcconfig */ = {isa = PBXFileReference; includeInIndex = 1; lastKnownFileType = text.xcconfig; name = "Pods-FreshChatCarthageSDK.release.xcconfig"; path = "Pods/Target Support Files/Pods-FreshChatCarthageSDK/Pods-FreshChatCarthageSDK.release.xcconfig"; sourceTree = "<group>"; };
/* End PBXFileReference section */

/* Begin PBXFrameworksBuildPhase section */
		7F805DCF1FB71AC100BA3F76 /* Frameworks */ = {
			isa = PBXFrameworksBuildPhase;
			buildActionMask = 2147483647;
			files = (
				7FE705461FB71D3F009292C9 /* CoreGraphics.framework in Frameworks */,
				7FE705421FB71D29009292C9 /* UIKit.framework in Frameworks */,
				03710DC42F13257531B1FADF /* Pods_FreshChatCarthageSDK.framework in Frameworks */,
			);
			runOnlyForDeploymentPostprocessing = 0;
		};
/* End PBXFrameworksBuildPhase section */

/* Begin PBXGroup section */
		4E95D486B424D1C36C2B5ACA /* Frameworks */ = {
			isa = PBXGroup;
			children = (
				7FE705451FB71D3F009292C9 /* CoreGraphics.framework */,
				7FE705431FB71D33009292C9 /* Foundation.framework */,
				7FE705411FB71D29009292C9 /* UIKit.framework */,
				1A37764B7D6B81DBCF02A63D /* Pods_FreshChatCarthageSDK.framework */,
			);
			name = Frameworks;
			sourceTree = "<group>";
		};
		7F805DC91FB71AC100BA3F76 = {
			isa = PBXGroup;
			children = (
				7F3341D21FB724BA0066C006 /* Freshchat.h */,
				7F805DD51FB71AC100BA3F76 /* FreshChatCarthageSDK */,
				7F805DD41FB71AC100BA3F76 /* Products */,
				FB2EBBC0D96D78D99DDB62CF /* Pods */,
				4E95D486B424D1C36C2B5ACA /* Frameworks */,
			);
			sourceTree = "<group>";
		};
		7F805DD41FB71AC100BA3F76 /* Products */ = {
			isa = PBXGroup;
			children = (
				7F805DD31FB71AC100BA3F76 /* FreshChatCarthageSDK.framework */,
			);
			name = Products;
			sourceTree = "<group>";
		};
		7F805DD51FB71AC100BA3F76 /* FreshChatCarthageSDK */ = {
			isa = PBXGroup;
			children = (
				7F805DD61FB71AC100BA3F76 /* FreshChatCarthageSDK.h */,
				7F805DD71FB71AC100BA3F76 /* Info.plist */,
			);
			path = FreshChatCarthageSDK;
			sourceTree = "<group>";
		};
		FB2EBBC0D96D78D99DDB62CF /* Pods */ = {
			isa = PBXGroup;
			children = (
				223408E9058E391E22B7C8C6 /* Pods-FreshChatCarthageSDK.debug.xcconfig */,
				AF6A85A7906EFEF110924B44 /* Pods-FreshChatCarthageSDK.release.xcconfig */,
			);
			name = Pods;
			sourceTree = "<group>";
		};
/* End PBXGroup section */

/* Begin PBXHeadersBuildPhase section */
		7F805DD01FB71AC100BA3F76 /* Headers */ = {
			isa = PBXHeadersBuildPhase;
			buildActionMask = 2147483647;
			files = (
				7F3341D31FB724BA0066C006 /* Freshchat.h in Headers */,
				7F805DD81FB71AC100BA3F76 /* FreshChatCarthageSDK.h in Headers */,
			);
			runOnlyForDeploymentPostprocessing = 0;
		};
/* End PBXHeadersBuildPhase section */

/* Begin PBXNativeTarget section */
		7F805DD21FB71AC100BA3F76 /* FreshChatCarthageSDK */ = {
			isa = PBXNativeTarget;
			buildConfigurationList = 7F805DDB1FB71AC100BA3F76 /* Build configuration list for PBXNativeTarget "FreshChatCarthageSDK" */;
			buildPhases = (
				78EDA772215D427B495761AA /* [CP] Check Pods Manifest.lock */,
				7F805DCE1FB71AC100BA3F76 /* Sources */,
				7F805DCF1FB71AC100BA3F76 /* Frameworks */,
				7F805DD01FB71AC100BA3F76 /* Headers */,
				7F805DD11FB71AC100BA3F76 /* Resources */,
				6A25C8D182EC23EF5DBF676E /* [CP] Copy Pods Resources */,
			);
			buildRules = (
			);
			dependencies = (
			);
			name = FreshChatCarthageSDK;
			productName = FreshChatCarthageSDK;
			productReference = 7F805DD31FB71AC100BA3F76 /* FreshChatCarthageSDK.framework */;
			productType = "com.apple.product-type.framework";
		};
/* End PBXNativeTarget section */

/* Begin PBXProject section */
		7F805DCA1FB71AC100BA3F76 /* Project object */ = {
			isa = PBXProject;
			attributes = {
				LastUpgradeCheck = 0910;
				ORGANIZATIONNAME = "Eugeniy Popov";
				TargetAttributes = {
					7F805DD21FB71AC100BA3F76 = {
						CreatedOnToolsVersion = 8.3.3;
						ProvisioningStyle = Automatic;
					};
				};
			};
			buildConfigurationList = 7F805DCD1FB71AC100BA3F76 /* Build configuration list for PBXProject "FreshChatCarthageSDK" */;
			compatibilityVersion = "Xcode 3.2";
			developmentRegion = English;
			hasScannedForEncodings = 0;
			knownRegions = (
				en,
			);
			mainGroup = 7F805DC91FB71AC100BA3F76;
			productRefGroup = 7F805DD41FB71AC100BA3F76 /* Products */;
			projectDirPath = "";
			projectRoot = "";
			targets = (
				7F805DD21FB71AC100BA3F76 /* FreshChatCarthageSDK */,
			);
		};
/* End PBXProject section */

/* Begin PBXResourcesBuildPhase section */
		7F805DD11FB71AC100BA3F76 /* Resources */ = {
			isa = PBXResourcesBuildPhase;
			buildActionMask = 2147483647;
			files = (
			);
			runOnlyForDeploymentPostprocessing = 0;
		};
/* End PBXResourcesBuildPhase section */

/* Begin PBXShellScriptBuildPhase section */
		6A25C8D182EC23EF5DBF676E /* [CP] Copy Pods Resources */ = {
			isa = PBXShellScriptBuildPhase;
			buildActionMask = 2147483647;
			files = (
			);
			inputPaths = (
				"${SRCROOT}/Pods/Target Support Files/Pods-FreshChatCarthageSDK/Pods-FreshChatCarthageSDK-resources.sh",
				"${PODS_ROOT}/FreshchatSDK/FreshchatSDK/FCResources.bundle",
				"${PODS_ROOT}/FreshchatSDK/FreshchatSDK/FreshchatModels.bundle",
				"${PODS_ROOT}/FreshchatSDK/FreshchatSDK/FCLocalization.bundle",
			);
			name = "[CP] Copy Pods Resources";
			outputPaths = (
				"${TARGET_BUILD_DIR}/${UNLOCALIZED_RESOURCES_FOLDER_PATH}",
			);
			runOnlyForDeploymentPostprocessing = 0;
			shellPath = /bin/sh;
			shellScript = "\"${SRCROOT}/Pods/Target Support Files/Pods-FreshChatCarthageSDK/Pods-FreshChatCarthageSDK-resources.sh\"\n";
			showEnvVarsInLog = 0;
		};
		78EDA772215D427B495761AA /* [CP] Check Pods Manifest.lock */ = {
			isa = PBXShellScriptBuildPhase;
			buildActionMask = 2147483647;
			files = (
			);
			inputPaths = (
				"${PODS_PODFILE_DIR_PATH}/Podfile.lock",
				"${PODS_ROOT}/Manifest.lock",
			);
			name = "[CP] Check Pods Manifest.lock";
			outputPaths = (
				"$(DERIVED_FILE_DIR)/Pods-FreshChatCarthageSDK-checkManifestLockResult.txt",
			);
			runOnlyForDeploymentPostprocessing = 0;
			shellPath = /bin/sh;
			shellScript = "diff \"${PODS_PODFILE_DIR_PATH}/Podfile.lock\" \"${PODS_ROOT}/Manifest.lock\" > /dev/null\nif [ $? != 0 ] ; then\n    # print error to STDERR\n    echo \"error: The sandbox is not in sync with the Podfile.lock. Run 'pod install' or update your CocoaPods installation.\" >&2\n    exit 1\nfi\n# This output is used by Xcode 'outputs' to avoid re-running this script phase.\necho \"SUCCESS\" > \"${SCRIPT_OUTPUT_FILE_0}\"\n";
			showEnvVarsInLog = 0;
		};
/* End PBXShellScriptBuildPhase section */

/* Begin PBXSourcesBuildPhase section */
		7F805DCE1FB71AC100BA3F76 /* Sources */ = {
			isa = PBXSourcesBuildPhase;
			buildActionMask = 2147483647;
			files = (
			);
			runOnlyForDeploymentPostprocessing = 0;
		};
/* End PBXSourcesBuildPhase section */

/* Begin XCBuildConfiguration section */
		7F805DD91FB71AC100BA3F76 /* Debug */ = {
			isa = XCBuildConfiguration;
			buildSettings = {
				ALWAYS_SEARCH_USER_PATHS = NO;
				CLANG_ANALYZER_NONNULL = YES;
				CLANG_ANALYZER_NUMBER_OBJECT_CONVERSION = YES_AGGRESSIVE;
				CLANG_CXX_LANGUAGE_STANDARD = "gnu++0x";
				CLANG_CXX_LIBRARY = "libc++";
				CLANG_ENABLE_MODULES = YES;
				CLANG_ENABLE_OBJC_ARC = YES;
				CLANG_WARN_BLOCK_CAPTURE_AUTORELEASING = YES;
				CLANG_WARN_BOOL_CONVERSION = YES;
				CLANG_WARN_COMMA = YES;
				CLANG_WARN_CONSTANT_CONVERSION = YES;
				CLANG_WARN_DIRECT_OBJC_ISA_USAGE = YES_ERROR;
				CLANG_WARN_DOCUMENTATION_COMMENTS = YES;
				CLANG_WARN_EMPTY_BODY = YES;
				CLANG_WARN_ENUM_CONVERSION = YES;
				CLANG_WARN_INFINITE_RECURSION = YES;
				CLANG_WARN_INT_CONVERSION = YES;
				CLANG_WARN_NON_LITERAL_NULL_CONVERSION = YES;
				CLANG_WARN_OBJC_LITERAL_CONVERSION = YES;
				CLANG_WARN_OBJC_ROOT_CLASS = YES_ERROR;
				CLANG_WARN_RANGE_LOOP_ANALYSIS = YES;
				CLANG_WARN_STRICT_PROTOTYPES = YES;
				CLANG_WARN_SUSPICIOUS_MOVE = YES;
				CLANG_WARN_UNREACHABLE_CODE = YES;
				CLANG_WARN__DUPLICATE_METHOD_MATCH = YES;
				"CODE_SIGN_IDENTITY[sdk=iphoneos*]" = "iPhone Developer";
				COPY_PHASE_STRIP = NO;
				CURRENT_PROJECT_VERSION = 1;
				DEBUG_INFORMATION_FORMAT = dwarf;
				ENABLE_STRICT_OBJC_MSGSEND = YES;
				ENABLE_TESTABILITY = YES;
				GCC_C_LANGUAGE_STANDARD = gnu99;
				GCC_DYNAMIC_NO_PIC = NO;
				GCC_NO_COMMON_BLOCKS = YES;
				GCC_OPTIMIZATION_LEVEL = 0;
				GCC_PREPROCESSOR_DEFINITIONS = (
					"DEBUG=1",
					"$(inherited)",
				);
				GCC_WARN_64_TO_32_BIT_CONVERSION = YES;
				GCC_WARN_ABOUT_RETURN_TYPE = YES_ERROR;
				GCC_WARN_UNDECLARED_SELECTOR = YES;
				GCC_WARN_UNINITIALIZED_AUTOS = YES_AGGRESSIVE;
				GCC_WARN_UNUSED_FUNCTION = YES;
				GCC_WARN_UNUSED_VARIABLE = YES;
				IPHONEOS_DEPLOYMENT_TARGET = 10.3;
				MTL_ENABLE_DEBUG_INFO = YES;
				ONLY_ACTIVE_ARCH = YES;
				SDKROOT = iphoneos;
				SWIFT_ACTIVE_COMPILATION_CONDITIONS = DEBUG;
				SWIFT_OPTIMIZATION_LEVEL = "-Onone";
				TARGETED_DEVICE_FAMILY = "1,2";
				VERSIONING_SYSTEM = "apple-generic";
				VERSION_INFO_PREFIX = "";
			};
			name = Debug;
		};
		7F805DDA1FB71AC100BA3F76 /* Release */ = {
			isa = XCBuildConfiguration;
			buildSettings = {
				ALWAYS_SEARCH_USER_PATHS = NO;
				CLANG_ANALYZER_NONNULL = YES;
				CLANG_ANALYZER_NUMBER_OBJECT_CONVERSION = YES_AGGRESSIVE;
				CLANG_CXX_LANGUAGE_STANDARD = "gnu++0x";
				CLANG_CXX_LIBRARY = "libc++";
				CLANG_ENABLE_MODULES = YES;
				CLANG_ENABLE_OBJC_ARC = YES;
				CLANG_WARN_BLOCK_CAPTURE_AUTORELEASING = YES;
				CLANG_WARN_BOOL_CONVERSION = YES;
				CLANG_WARN_COMMA = YES;
				CLANG_WARN_CONSTANT_CONVERSION = YES;
				CLANG_WARN_DIRECT_OBJC_ISA_USAGE = YES_ERROR;
				CLANG_WARN_DOCUMENTATION_COMMENTS = YES;
				CLANG_WARN_EMPTY_BODY = YES;
				CLANG_WARN_ENUM_CONVERSION = YES;
				CLANG_WARN_INFINITE_RECURSION = YES;
				CLANG_WARN_INT_CONVERSION = YES;
				CLANG_WARN_NON_LITERAL_NULL_CONVERSION = YES;
				CLANG_WARN_OBJC_LITERAL_CONVERSION = YES;
				CLANG_WARN_OBJC_ROOT_CLASS = YES_ERROR;
				CLANG_WARN_RANGE_LOOP_ANALYSIS = YES;
				CLANG_WARN_STRICT_PROTOTYPES = YES;
				CLANG_WARN_SUSPICIOUS_MOVE = YES;
				CLANG_WARN_UNREACHABLE_CODE = YES;
				CLANG_WARN__DUPLICATE_METHOD_MATCH = YES;
				"CODE_SIGN_IDENTITY[sdk=iphoneos*]" = "iPhone Developer";
				COPY_PHASE_STRIP = NO;
				CURRENT_PROJECT_VERSION = 1;
				DEBUG_INFORMATION_FORMAT = "dwarf-with-dsym";
				ENABLE_NS_ASSERTIONS = NO;
				ENABLE_STRICT_OBJC_MSGSEND = YES;
				GCC_C_LANGUAGE_STANDARD = gnu99;
				GCC_NO_COMMON_BLOCKS = YES;
				GCC_WARN_64_TO_32_BIT_CONVERSION = YES;
				GCC_WARN_ABOUT_RETURN_TYPE = YES_ERROR;
				GCC_WARN_UNDECLARED_SELECTOR = YES;
				GCC_WARN_UNINITIALIZED_AUTOS = YES_AGGRESSIVE;
				GCC_WARN_UNUSED_FUNCTION = YES;
				GCC_WARN_UNUSED_VARIABLE = YES;
				IPHONEOS_DEPLOYMENT_TARGET = 10.3;
				MTL_ENABLE_DEBUG_INFO = NO;
				SDKROOT = iphoneos;
				SWIFT_OPTIMIZATION_LEVEL = "-Owholemodule";
				TARGETED_DEVICE_FAMILY = "1,2";
				VALIDATE_PRODUCT = YES;
				VERSIONING_SYSTEM = "apple-generic";
				VERSION_INFO_PREFIX = "";
			};
			name = Release;
		};
		7F805DDC1FB71AC100BA3F76 /* Debug */ = {
			isa = XCBuildConfiguration;
			baseConfigurationReference = 223408E9058E391E22B7C8C6 /* Pods-FreshChatCarthageSDK.debug.xcconfig */;
			buildSettings = {
				CODE_SIGN_IDENTITY = "";
				DEFINES_MODULE = YES;
				DYLIB_COMPATIBILITY_VERSION = 1;
				DYLIB_CURRENT_VERSION = 1;
				DYLIB_INSTALL_NAME_BASE = "@rpath";
				INFOPLIST_FILE = FreshChatCarthageSDK/Info.plist;
				INSTALL_PATH = "$(LOCAL_LIBRARY_DIR)/Frameworks";
				LD_RUNPATH_SEARCH_PATHS = "$(inherited) @executable_path/Frameworks @loader_path/Frameworks";
				PRODUCT_BUNDLE_IDENTIFIER = eugeny.FreshChatCarthageSDK;
				PRODUCT_NAME = "$(TARGET_NAME)";
				SKIP_INSTALL = YES;
				SWIFT_VERSION = 3.0;
			};
			name = Debug;
		};
		7F805DDD1FB71AC100BA3F76 /* Release */ = {
			isa = XCBuildConfiguration;
			baseConfigurationReference = AF6A85A7906EFEF110924B44 /* Pods-FreshChatCarthageSDK.release.xcconfig */;
			buildSettings = {
				CODE_SIGN_IDENTITY = "";
				DEFINES_MODULE = YES;
				DYLIB_COMPATIBILITY_VERSION = 1;
				DYLIB_CURRENT_VERSION = 1;
				DYLIB_INSTALL_NAME_BASE = "@rpath";
				INFOPLIST_FILE = FreshChatCarthageSDK/Info.plist;
				INSTALL_PATH = "$(LOCAL_LIBRARY_DIR)/Frameworks";
				LD_RUNPATH_SEARCH_PATHS = "$(inherited) @executable_path/Frameworks @loader_path/Frameworks";
				PRODUCT_BUNDLE_IDENTIFIER = eugeny.FreshChatCarthageSDK;
				PRODUCT_NAME = "$(TARGET_NAME)";
				SKIP_INSTALL = YES;
				SWIFT_VERSION = 3.0;
			};
			name = Release;
		};
/* End XCBuildConfiguration section */

/* Begin XCConfigurationList section */
		7F805DCD1FB71AC100BA3F76 /* Build configuration list for PBXProject "FreshChatCarthageSDK" */ = {
			isa = XCConfigurationList;
			buildConfigurations = (
				7F805DD91FB71AC100BA3F76 /* Debug */,
				7F805DDA1FB71AC100BA3F76 /* Release */,
			);
			defaultConfigurationIsVisible = 0;
			defaultConfigurationName = Release;
		};
		7F805DDB1FB71AC100BA3F76 /* Build configuration list for PBXNativeTarget "FreshChatCarthageSDK" */ = {
			isa = XCConfigurationList;
			buildConfigurations = (
				7F805DDC1FB71AC100BA3F76 /* Debug */,
				7F805DDD1FB71AC100BA3F76 /* Release */,
			);
			defaultConfigurationIsVisible = 0;
			defaultConfigurationName = Release;
		};
/* End XCConfigurationList section */
	};
	rootObject = 7F805DCA1FB71AC100BA3F76 /* Project object */;
}
